{
  "name": "@axtk/volatile-storage",
  "version": "1.0.2",
  "lockfileVersion": 2,
  "requires": true,
  "packages": {
    "": {
      "name": "@axtk/volatile-storage",
      "version": "1.0.2",
      "license": "MIT",
      "dependencies": {
        "@axtk/memory-storage": "^1.0.2"
      }
    },
    "node_modules/@axtk/memory-storage": {
      "version": "1.0.2",
      "resolved": "https://registry.npmjs.org/@axtk/memory-storage/-/memory-storage-1.0.2.tgz",
      "integrity": "sha512-xnB/Df3ZrvsKKCDp2EkXf57Xj4Ysz+prOitj7dEoBJp6RXQIlKSw+uTZVcYB8MeCY8/4QkXwYbBxNcvNFgmT1Q=="
    }
  },
  "dependencies": {
    "@axtk/memory-storage": {
      "version": "1.0.2",
      "resolved": "https://registry.npmjs.org/@axtk/memory-storage/-/memory-storage-1.0.2.tgz",
      "integrity": "sha512-xnB/Df3ZrvsKKCDp2EkXf57Xj4Ysz+prOitj7dEoBJp6RXQIlKSw+uTZVcYB8MeCY8/4QkXwYbBxNcvNFgmT1Q=="
    }
  }
}
