{
  "name": "@axtk/volatile-storage",
  "version": "1.0.2",
  "lockfileVersion": 2,
  "requires": true,
  "packages": {
    "": {
      "name": "@axtk/volatile-storage",
      "version": "1.0.2",
      "license": "MIT",
      "dependencies": {
        "@axtk/memory-storage": "^1.0.3"
      }
    },
    "node_modules/@axtk/memory-storage": {
      "version": "1.0.3",
      "resolved": "https://registry.npmjs.org/@axtk/memory-storage/-/memory-storage-1.0.3.tgz",
      "integrity": "sha512-3aQjvGLiq4Q2xh/UnvTjTxItJPEPly7zNLq0otL0hBWOFpWBfv2ouB2tQp6tE1uvLY7l1cc0k59LfAqaYDmuxA=="
    }
  },
  "dependencies": {
    "@axtk/memory-storage": {
      "version": "1.0.3",
      "resolved": "https://registry.npmjs.org/@axtk/memory-storage/-/memory-storage-1.0.3.tgz",
      "integrity": "sha512-3aQjvGLiq4Q2xh/UnvTjTxItJPEPly7zNLq0otL0hBWOFpWBfv2ouB2tQp6tE1uvLY7l1cc0k59LfAqaYDmuxA=="
    }
  }
}
